
Microsoft Visual Studio Solution File, Format Version 12.00
# Visual Studio 15
VisualStudioVersion = 15.0.28307.960
MinimumVisualStudioVersion = 10.0.40219.1
Project("{FAE04EC0-301F-11D3-BF4B-00C04F79EFBC}") = "KafkaProducer", "KafkaExperimentor\KafkaProducer.csproj", "{EBFF6349-9F23-48FC-B8A7-705F76C71B60}"
EndProject
Project("{FAE04EC0-301F-11D3-BF4B-00C04F79EFBC}") = "KafkaConsumer", "KafkaConsumer\KafkaConsumer.csproj", "{E6915C9F-4940-4017-BD72-59B0822CAF09}"
EndProject
Global
	GlobalSection(SolutionConfigurationPlatforms) = preSolution
		Debug|Any CPU = Debug|Any CPU
		Release|Any CPU = Release|Any CPU
	EndGlobalSection
	GlobalSection(ProjectConfigurationPlatforms) = postSolution
		{EBFF6349-9F23-48FC-B8A7-705F76C71B60}.Debug|Any CPU.ActiveCfg = Debug|Any CPU
		{EBFF6349-9F23-48FC-B8A7-705F76C71B60}.Debug|Any CPU.Build.0 = Debug|Any CPU
		{EBFF6349-9F23-48FC-B8A7-705F76C71B60}.Release|Any CPU.ActiveCfg = Release|Any CPU
		{EBFF6349-9F23-48FC-B8A7-705F76C71B60}.Release|Any CPU.Build.0 = Release|Any CPU
		{E6915C9F-4940-4017-BD72-59B0822CAF09}.Debug|Any CPU.ActiveCfg = Debug|Any CPU
		{E6915C9F-4940-4017-BD72-59B0822CAF09}.Debug|Any CPU.Build.0 = Debug|Any CPU
		{E6915C9F-4940-4017-BD72-59B0822CAF09}.Release|Any CPU.ActiveCfg = Release|Any CPU
		{E6915C9F-4940-4017-BD72-59B0822CAF09}.Release|Any CPU.Build.0 = Release|Any CPU
	EndGlobalSection
	GlobalSection(SolutionProperties) = preSolution
		HideSolutionNode = FALSE
	EndGlobalSection
	GlobalSection(ExtensibilityGlobals) = postSolution
		SolutionGuid = {18613570-2466-491A-84A1-138635DF0A5D}
	EndGlobalSection
EndGlobal
